// !$*UTF8*$!
{
	archiveVersion = 1;
	classes = {
	};
	objectVersion = 56;
	objects = {

/* Begin PBXBuildFile section */
		1642FF8B29308BAD00CADC88 /* AppDelegate.swift in Sources */ = {isa = PBXBuildFile; fileRef = 1642FF8A29308BAD00CADC88 /* AppDelegate.swift */; };
		1642FF8D29308BAD00CADC88 /* SceneDelegate.swift in Sources */ = {isa = PBXBuildFile; fileRef = 1642FF8C29308BAD00CADC88 /* SceneDelegate.swift */; };
		1642FF8F29308BAD00CADC88 /* ViewController.swift in Sources */ = {isa = PBXBuildFile; fileRef = 1642FF8E29308BAD00CADC88 /* ViewController.swift */; };
		1642FF9229308BAD00CADC88 /* Main.storyboard in Resources */ = {isa = PBXBuildFile; fileRef = 1642FF9029308BAD00CADC88 /* Main.storyboard */; };
		1642FF9529308BAD00CADC88 /* AlwaysTest.xcdatamodeld in Sources */ = {isa = PBXBuildFile; fileRef = 1642FF9329308BAD00CADC88 /* AlwaysTest.xcdatamodeld */; };
		1642FF9729308BAF00CADC88 /* Assets.xcassets in Resources */ = {isa = PBXBuildFile; fileRef = 1642FF9629308BAF00CADC88 /* Assets.xcassets */; };
		1642FF9A29308BAF00CADC88 /* LaunchScreen.storyboard in Resources */ = {isa = PBXBuildFile; fileRef = 1642FF9829308BAF00CADC88 /* LaunchScreen.storyboard */; };
/* End PBXBuildFile section */

/* Begin PBXFileReference section */
		1642FF8729308BAD00CADC88 /* AlwaysTest.app */ = {isa = PBXFileReference; explicitFileType = wrapper.application; includeInIndex = 0; path = AlwaysTest.app; sourceTree = BUILT_PRODUCTS_DIR; };
		1642FF8A29308BAD00CADC88 /* AppDelegate.swift */ = {isa = PBXFileReference; lastKnownFileType = sourcecode.swift; path = AppDelegate.swift; sourceTree = "<group>"; };
		1642FF8C29308BAD00CADC88 /* SceneDelegate.swift */ = {isa = PBXFileReference; lastKnownFileType = sourcecode.swift; path = SceneDelegate.swift; sourceTree = "<group>"; };
		1642FF8E29308BAD00CADC88 /* ViewController.swift */ = {isa = PBXFileReference; lastKnownFileType = sourcecode.swift; path = ViewController.swift; sourceTree = "<group>"; };
		1642FF9129308BAD00CADC88 /* Base */ = {isa = PBXFileReference; lastKnownFileType = file.storyboard; name = Base; path = Base.lproj/Main.storyboard; sourceTree = "<group>"; };
		1642FF9429308BAD00CADC88 /* AlwaysTest.xcdatamodel */ = {isa = PBXFileReference; lastKnownFileType = wrapper.xcdatamodel; path = AlwaysTest.xcdatamodel; sourceTree = "<group>"; };
		1642FF9629308BAF00CADC88 /* Assets.xcassets */ = {isa = PBXFileReference; lastKnownFileType = folder.assetcatalog; path = Assets.xcassets; sourceTree = "<group>"; };
		1642FF9929308BAF00CADC88 /* Base */ = {isa = PBXFileReference; lastKnownFileType = file.storyboard; name = Base; path = Base.lproj/LaunchScreen.storyboard; sourceTree = "<group>"; };
		1642FF9B29308BAF00CADC88 /* Info.plist */ = {isa = PBXFileReference; lastKnownFileType = text.plist.xml; path = Info.plist; sourceTree = "<group>"; };
/* End PBXFileReference section */

/* Begin PBXFrameworksBuildPhase section */
		1642FF8429308BAD00CADC88 /* Frameworks */ = {
			isa = PBXFrameworksBuildPhase;
			buildActionMask = 2147483647;
			files = (
			);
			runOnlyForDeploymentPostprocessing = 0;
		};
/* End PBXFrameworksBuildPhase section */

/* Begin PBXGroup section */
		1642FF7E29308BAD00CADC88 = {
			isa = PBXGroup;
			children = (
				1642FF8929308BAD00CADC88 /* AlwaysTest */,
				1642FF8829308BAD00CADC88 /* Products */,
			);
			sourceTree = "<group>";
		};
		1642FF8829308BAD00CADC88 /* Products */ = {
			isa = PBXGroup;
			children = (
				1642FF8729308BAD00CADC88 /* AlwaysTest.app */,
			);
			name = Products;
			sourceTree = "<group>";
		};
		1642FF8929308BAD00CADC88 /* AlwaysTest */ = {
			isa = PBXGroup;
			children = (
				1642FF8A29308BAD00CADC88 /* AppDelegate.swift */,
				1642FF8C29308BAD00CADC88 /* SceneDelegate.swift */,
				1642FF8E29308BAD00CADC88 /* ViewController.swift */,
				1642FF9029308BAD00CADC88 /* Main.storyboard */,
				1642FF9629308BAF00CADC88 /* Assets.xcassets */,
				1642FF9829308BAF00CADC88 /* LaunchScreen.storyboard */,
				1642FF9B29308BAF00CADC88 /* Info.plist */,
				1642FF9329308BAD00CADC88 /* AlwaysTest.xcdatamodeld */,
			);
			path = AlwaysTest;
			sourceTree = "<group>";
		};
/* End PBXGroup section */

/* Begin PBXNativeTarget section */
		1642FF8629308BAD00CADC88 /* AlwaysTest */ = {
			isa = PBXNativeTarget;
			buildConfigurationList = 1642FF9E29308BAF00CADC88 /* Build configuration list for PBXNativeTarget "AlwaysTest" */;
			buildPhases = (
				1642FF8329308BAD00CADC88 /* Sources */,
				1642FF8429308BAD00CADC88 /* Frameworks */,
				1642FF8529308BAD00CADC88 /* Resources */,
			);
			buildRules = (
			);
			dependencies = (
			);
			name = AlwaysTest;
			productName = AlwaysTest;
			productReference = 1642FF8729308BAD00CADC88 /* AlwaysTest.app */;
			productType = "com.apple.product-type.application";
		};
/* End PBXNativeTarget section */

/* Begin PBXProject section */
		1642FF7F29308BAD00CADC88 /* Project object */ = {
			isa = PBXProject;
			attributes = {
				BuildIndependentTargetsInParallel = 1;
				LastSwiftUpdateCheck = 1410;
				LastUpgradeCheck = 1410;
				TargetAttributes = {
					1642FF8629308BAD00CADC88 = {
						CreatedOnToolsVersion = 14.1;
					};
				};
			};
			buildConfigurationList = 1642FF8229308BAD00CADC88 /* Build configuration list for PBXProject "AlwaysTest" */;
			compatibilityVersion = "Xcode 14.0";
			developmentRegion = en;
			hasScannedForEncodings = 0;
			knownRegions = (
				en,
				Base,
			);
			mainGroup = 1642FF7E29308BAD00CADC88;
			productRefGroup = 1642FF8829308BAD00CADC88 /* Products */;
			projectDirPath = "";
			projectRoot = "";
			targets = (
				1642FF8629308BAD00CADC88 /* AlwaysTest */,
			);
		};
/* End PBXProject section */

/* Begin PBXResourcesBuildPhase section */
		1642FF8529308BAD00CADC88 /* Resources */ = {
			isa = PBXResourcesBuildPhase;
			buildActionMask = 2147483647;
			files = (
				1642FF9A29308BAF00CADC88 /* LaunchScreen.storyboard in Resources */,
				1642FF9729308BAF00CADC88 /* Assets.xcassets in Resources */,
				1642FF9229308BAD00CADC88 /* Main.storyboard in Resources */,
			);
			runOnlyForDeploymentPostprocessing = 0;
		};
/* End PBXResourcesBuildPhase section */

/* Begin PBXSourcesBuildPhase section */
		1642FF8329308BAD00CADC88 /* Sources */ = {
			isa = PBXSourcesBuildPhase;
			buildActionMask = 2147483647;
			files = (
				1642FF9529308BAD00CADC88 /* AlwaysTest.xcdatamodeld in Sources */,
				1642FF8F29308BAD00CADC88 /* ViewController.swift in Sources */,
				1642FF8B29308BAD00CADC88 /* AppDelegate.swift in Sources */,
				1642FF8D29308BAD00CADC88 /* SceneDelegate.swift in Sources */,
			);
			runOnlyForDeploymentPostprocessing = 0;
		};
/* End PBXSourcesBuildPhase section */

/* Begin PBXVariantGroup section */
		1642FF9029308BAD00CADC88 /* Main.storyboard */ = {
			isa = PBXVariantGroup;
			children = (
				1642FF9129308BAD00CADC88 /* Base */,
			);
			name = Main.storyboard;
			sourceTree = "<group>";
		};
		1642FF9829308BAF00CADC88 /* LaunchScreen.storyboard */ = {
			isa = PBXVariantGroup;
			children = (
				1642FF9929308BAF00CADC88 /* Base */,
			);
			name = LaunchScreen.storyboard;
			sourceTree = "<group>";
		};
/* End PBXVariantGroup section */

/* Begin XCBuildConfiguration section */
		1642FF9C29308BAF00CADC88 /* Debug */ = {
			isa = XCBuildConfiguration;
			buildSettings = {
				ALWAYS_SEARCH_USER_PATHS = NO;
				CLANG_ANALYZER_NONNULL = YES;
				CLANG_ANALYZER_NUMBER_OBJECT_CONVERSION = YES_AGGRESSIVE;
				CLANG_CXX_LANGUAGE_STANDARD = "gnu++20";
				CLANG_ENABLE_MODULES = YES;
				CLANG_ENABLE_OBJC_ARC = YES;
				CLANG_ENABLE_OBJC_WEAK = YES;
				CLANG_WARN_BLOCK_CAPTURE_AUTORELEASING = YES;
				CLANG_WARN_BOOL_CONVERSION = YES;
				CLANG_WARN_COMMA = YES;
				CLANG_WARN_CONSTANT_CONVERSION = YES;
				CLANG_WARN_DEPRECATED_OBJC_IMPLEMENTATIONS = YES;
				CLANG_WARN_DIRECT_OBJC_ISA_USAGE = YES_ERROR;
				CLANG_WARN_DOCUMENTATION_COMMENTS = YES;
				CLANG_WARN_EMPTY_BODY = YES;
				CLANG_WARN_ENUM_CONVERSION = YES;
				CLANG_WARN_INFINITE_RECURSION = YES;
				CLANG_WARN_INT_CONVERSION = YES;
				CLANG_WARN_NON_LITERAL_NULL_CONVERSION = YES;
				CLANG_WARN_OBJC_IMPLICIT_RETAIN_SELF = YES;
				CLANG_WARN_OBJC_LITERAL_CONVERSION = YES;
				CLANG_WARN_OBJC_ROOT_CLASS = YES_ERROR;
				CLANG_WARN_QUOTED_INCLUDE_IN_FRAMEWORK_HEADER = YES;
				CLANG_WARN_RANGE_LOOP_ANALYSIS = YES;
				CLANG_WARN_STRICT_PROTOTYPES = YES;
				CLANG_WARN_SUSPICIOUS_MOVE = YES;
				CLANG_WARN_UNGUARDED_AVAILABILITY = YES_AGGRESSIVE;
				CLANG_WARN_UNREACHABLE_CODE = YES;
				CLANG_WARN__DUPLICATE_METHOD_MATCH = YES;
				COPY_PHASE_STRIP = NO;
				DEBUG_INFORMATION_FORMAT = dwarf;
				ENABLE_STRICT_OBJC_MSGSEND = YES;
				ENABLE_TESTABILITY = YES;
				GCC_C_LANGUAGE_STANDARD = gnu11;
				GCC_DYNAMIC_NO_PIC = NO;
				GCC_NO_COMMON_BLOCKS = YES;
				GCC_OPTIMIZATION_LEVEL = 0;
				GCC_PREPROCESSOR_DEFINITIONS = (
					"DEBUG=1",
					"$(inherited)",
				);
				GCC_WARN_64_TO_32_BIT_CONVERSION = YES;
				GCC_WARN_ABOUT_RETURN_TYPE = YES_ERROR;
				GCC_WARN_UNDECLARED_SELECTOR = YES;
				GCC_WARN_UNINITIALIZED_AUTOS = YES_AGGRESSIVE;
				GCC_WARN_UNUSED_FUNCTION = YES;
				GCC_WARN_UNUSED_VARIABLE = YES;
				IPHONEOS_DEPLOYMENT_TARGET = 16.1;
				MTL_ENABLE_DEBUG_INFO = INCLUDE_SOURCE;
				MTL_FAST_MATH = YES;
				ONLY_ACTIVE_ARCH = YES;
				SDKROOT = iphoneos;
				SWIFT_ACTIVE_COMPILATION_CONDITIONS = DEBUG;
				SWIFT_OPTIMIZATION_LEVEL = "-Onone";
			};
			name = Debug;
		};
		1642FF9D29308BAF00CADC88 /* Release */ = {
			isa = XCBuildConfiguration;
			buildSettings = {
				ALWAYS_SEARCH_USER_PATHS = NO;
				CLANG_ANALYZER_NONNULL = YES;
				CLANG_ANALYZER_NUMBER_OBJECT_CONVERSION = YES_AGGRESSIVE;
				CLANG_CXX_LANGUAGE_STANDARD = "gnu++20";
				CLANG_ENABLE_MODULES = YES;
				CLANG_ENABLE_OBJC_ARC = YES;
				CLANG_ENABLE_OBJC_WEAK = YES;
				CLANG_WARN_BLOCK_CAPTURE_AUTORELEASING = YES;
				CLANG_WARN_BOOL_CONVERSION = YES;
				CLANG_WARN_COMMA = YES;
				CLANG_WARN_CONSTANT_CONVERSION = YES;
				CLANG_WARN_DEPRECATED_OBJC_IMPLEMENTATIONS = YES;
				CLANG_WARN_DIRECT_OBJC_ISA_USAGE = YES_ERROR;
				CLANG_WARN_DOCUMENTATION_COMMENTS = YES;
				CLANG_WARN_EMPTY_BODY = YES;
				CLANG_WARN_ENUM_CONVERSION = YES;
				CLANG_WARN_INFINITE_RECURSION = YES;
				CLANG_WARN_INT_CONVERSION = YES;
				CLANG_WARN_NON_LITERAL_NULL_CONVERSION = YES;
				CLANG_WARN_OBJC_IMPLICIT_RETAIN_SELF = YES;
				CLANG_WARN_OBJC_LITERAL_CONVERSION = YES;
				CLANG_WARN_OBJC_ROOT_CLASS = YES_ERROR;
				CLANG_WARN_QUOTED_INCLUDE_IN_FRAMEWORK_HEADER = YES;
				CLANG_WARN_RANGE_LOOP_ANALYSIS = YES;
				CLANG_WARN_STRICT_PROTOTYPES = YES;
				CLANG_WARN_SUSPICIOUS_MOVE = YES;
				CLANG_WARN_UNGUARDED_AVAILABILITY = YES_AGGRESSIVE;
				CLANG_WARN_UNREACHABLE_CODE = YES;
				CLANG_WARN__DUPLICATE_METHOD_MATCH = YES;
				COPY_PHASE_STRIP = NO;
				DEBUG_INFORMATION_FORMAT = "dwarf-with-dsym";
				ENABLE_NS_ASSERTIONS = NO;
				ENABLE_STRICT_OBJC_MSGSEND = YES;
				GCC_C_LANGUAGE_STANDARD = gnu11;
				GCC_NO_COMMON_BLOCKS = YES;
				GCC_WARN_64_TO_32_BIT_CONVERSION = YES;
				GCC_WARN_ABOUT_RETURN_TYPE = YES_ERROR;
				GCC_WARN_UNDECLARED_SELECTOR = YES;
				GCC_WARN_UNINITIALIZED_AUTOS = YES_AGGRESSIVE;
				GCC_WARN_UNUSED_FUNCTION = YES;
				GCC_WARN_UNUSED_VARIABLE = YES;
				IPHONEOS_DEPLOYMENT_TARGET = 16.1;
				MTL_ENABLE_DEBUG_INFO = NO;
				MTL_FAST_MATH = YES;
				SDKROOT = iphoneos;
				SWIFT_COMPILATION_MODE = wholemodule;
				SWIFT_OPTIMIZATION_LEVEL = "-O";
				VALIDATE_PRODUCT = YES;
			};
			name = Release;
		};
		1642FF9F29308BAF00CADC88 /* Debug */ = {
			isa = XCBuildConfiguration;
			buildSettings = {
				ASSETCATALOG_COMPILER_APPICON_NAME = AppIcon;
				ASSETCATALOG_COMPILER_GLOBAL_ACCENT_COLOR_NAME = AccentColor;
				CODE_SIGN_STYLE = Automatic;
				CURRENT_PROJECT_VERSION = 1;
				DEVELOPMENT_TEAM = X922N7WM69;
				GENERATE_INFOPLIST_FILE = YES;
				INFOPLIST_FILE = AlwaysTest/Info.plist;
				INFOPLIST_KEY_UIApplicationSupportsIndirectInputEvents = YES;
				INFOPLIST_KEY_UILaunchStoryboardName = LaunchScreen;
				INFOPLIST_KEY_UIMainStoryboardFile = Main;
				INFOPLIST_KEY_UISupportedInterfaceOrientations_iPad = "UIInterfaceOrientationPortrait UIInterfaceOrientationPortraitUpsideDown UIInterfaceOrientationLandscapeLeft UIInterfaceOrientationLandscapeRight";
				INFOPLIST_KEY_UISupportedInterfaceOrientations_iPhone = "UIInterfaceOrientationPortrait UIInterfaceOrientationLandscapeLeft UIInterfaceOrientationLandscapeRight";
				LD_RUNPATH_SEARCH_PATHS = (
					"$(inherited)",
					"@executable_path/Frameworks",
				);
				MARKETING_VERSION = 1.0;
				PRODUCT_BUNDLE_IDENTIFIER = com.othsemicolon.AlwaysTest;
				PRODUCT_NAME = "$(TARGET_NAME)";
				SWIFT_EMIT_LOC_STRINGS = YES;
				SWIFT_VERSION = 5.0;
				TARGETED_DEVICE_FAMILY = "1,2";
			};
			name = Debug;
		};
		1642FFA029308BAF00CADC88 /* Release */ = {
			isa = XCBuildConfiguration;
			buildSettings = {
				ASSETCATALOG_COMPILER_APPICON_NAME = AppIcon;
				ASSETCATALOG_COMPILER_GLOBAL_ACCENT_COLOR_NAME = AccentColor;
				CODE_SIGN_STYLE = Automatic;
				CURRENT_PROJECT_VERSION = 1;
				DEVELOPMENT_TEAM = X922N7WM69;
				GENERATE_INFOPLIST_FILE = YES;
				INFOPLIST_FILE = AlwaysTest/Info.plist;
				INFOPLIST_KEY_UIApplicationSupportsIndirectInputEvents = YES;
				INFOPLIST_KEY_UILaunchStoryboardName = LaunchScreen;
				INFOPLIST_KEY_UIMainStoryboardFile = Main;
				INFOPLIST_KEY_UISupportedInterfaceOrientations_iPad = "UIInterfaceOrientationPortrait UIInterfaceOrientationPortraitUpsideDown UIInterfaceOrientationLandscapeLeft UIInterfaceOrientationLandscapeRight";
				INFOPLIST_KEY_UISupportedInterfaceOrientations_iPhone = "UIInterfaceOrientationPortrait UIInterfaceOrientationLandscapeLeft UIInterfaceOrientationLandscapeRight";
				LD_RUNPATH_SEARCH_PATHS = (
					"$(inherited)",
					"@executable_path/Frameworks",
				);
				MARKETING_VERSION = 1.0;
				PRODUCT_BUNDLE_IDENTIFIER = com.othsemicolon.AlwaysTest;
				PRODUCT_NAME = "$(TARGET_NAME)";
				SWIFT_EMIT_LOC_STRINGS = YES;
				SWIFT_VERSION = 5.0;
				TARGETED_DEVICE_FAMILY = "1,2";
			};
			name = Release;
		};
/* End XCBuildConfiguration section */

/* Begin XCConfigurationList section */
		1642FF8229308BAD00CADC88 /* Build configuration list for PBXProject "AlwaysTest" */ = {
			isa = XCConfigurationList;
			buildConfigurations = (
				1642FF9C29308BAF00CADC88 /* Debug */,
				1642FF9D29308BAF00CADC88 /* Release */,
			);
			defaultConfigurationIsVisible = 0;
			defaultConfigurationName = Release;
		};
		1642FF9E29308BAF00CADC88 /* Build configuration list for PBXNativeTarget "AlwaysTest" */ = {
			isa = XCConfigurationList;
			buildConfigurations = (
				1642FF9F29308BAF00CADC88 /* Debug */,
				1642FFA029308BAF00CADC88 /* Release */,
			);
			defaultConfigurationIsVisible = 0;
			defaultConfigurationName = Release;
		};
/* End XCConfigurationList section */

/* Begin XCVersionGroup section */
		1642FF9329308BAD00CADC88 /* AlwaysTest.xcdatamodeld */ = {
			isa = XCVersionGroup;
			children = (
				1642FF9429308BAD00CADC88 /* AlwaysTest.xcdatamodel */,
			);
			currentVersion = 1642FF9429308BAD00CADC88 /* AlwaysTest.xcdatamodel */;
			path = AlwaysTest.xcdatamodeld;
			sourceTree = "<group>";
			versionGroupType = wrapper.xcdatamodel;
		};
/* End XCVersionGroup section */
	};
	rootObject = 1642FF7F29308BAD00CADC88 /* Project object */;
}
